
Microsoft Visual Studio Solution File, Format Version 12.00
# Visual Studio Version 17
VisualStudioVersion = 17.11.35327.3
MinimumVisualStudioVersion = 10.0.40219.1
Project("{9A19103F-16F7-4668-BE54-9A1E7A4F7556}") = "SyncTool", "SyncTool\SyncTool.csproj", "{F9EB2EE4-0523-4A9D-8537-7898D2A08EE2}"
EndProject
Project("{2150E333-8FDC-42A3-9474-1A3956D46DE8}") = "SyncToolUI", "SyncToolUI", "{86D60A47-A420-44D9-82B6-6AC2AE04014D}"
EndProject
Project("{FAE04EC0-301F-11D3-BF4B-00C04F79EFBC}") = "SyncTool.Console", "SyncTool.Console\SyncTool.Console.csproj", "{06800635-2022-4CB4-963B-28E3669CDBE7}"
EndProject
Project("{FAE04EC0-301F-11D3-BF4B-00C04F79EFBC}") = "SyncTool.Winform", "SyncTool.Winform\SyncTool.Winform.csproj", "{7EC5490D-0B52-499C-AB1C-565CF151F34B}"
EndProject
Project("{FAE04EC0-301F-11D3-BF4B-00C04F79EFBC}") = "SyncTool.Test", "SyncTool.Test\SyncTool.Test.csproj", "{697A4829-4C72-4E44-A441-88E47A6BE2D1}"
EndProject
Global
	GlobalSection(SolutionConfigurationPlatforms) = preSolution
		Debug|Any CPU = Debug|Any CPU
		Release|Any CPU = Release|Any CPU
	EndGlobalSection
	GlobalSection(ProjectConfigurationPlatforms) = postSolution
		{F9EB2EE4-0523-4A9D-8537-7898D2A08EE2}.Debug|Any CPU.ActiveCfg = Debug|Any CPU
		{F9EB2EE4-0523-4A9D-8537-7898D2A08EE2}.Debug|Any CPU.Build.0 = Debug|Any CPU
		{F9EB2EE4-0523-4A9D-8537-7898D2A08EE2}.Release|Any CPU.ActiveCfg = Release|Any CPU
		{F9EB2EE4-0523-4A9D-8537-7898D2A08EE2}.Release|Any CPU.Build.0 = Release|Any CPU
		{06800635-2022-4CB4-963B-28E3669CDBE7}.Debug|Any CPU.ActiveCfg = Debug|Any CPU
		{06800635-2022-4CB4-963B-28E3669CDBE7}.Debug|Any CPU.Build.0 = Debug|Any CPU
		{06800635-2022-4CB4-963B-28E3669CDBE7}.Release|Any CPU.ActiveCfg = Release|Any CPU
		{06800635-2022-4CB4-963B-28E3669CDBE7}.Release|Any CPU.Build.0 = Release|Any CPU
		{7EC5490D-0B52-499C-AB1C-565CF151F34B}.Debug|Any CPU.ActiveCfg = Debug|Any CPU
		{7EC5490D-0B52-499C-AB1C-565CF151F34B}.Debug|Any CPU.Build.0 = Debug|Any CPU
		{7EC5490D-0B52-499C-AB1C-565CF151F34B}.Release|Any CPU.ActiveCfg = Release|Any CPU
		{7EC5490D-0B52-499C-AB1C-565CF151F34B}.Release|Any CPU.Build.0 = Release|Any CPU
		{697A4829-4C72-4E44-A441-88E47A6BE2D1}.Debug|Any CPU.ActiveCfg = Debug|Any CPU
		{697A4829-4C72-4E44-A441-88E47A6BE2D1}.Debug|Any CPU.Build.0 = Debug|Any CPU
		{697A4829-4C72-4E44-A441-88E47A6BE2D1}.Release|Any CPU.ActiveCfg = Release|Any CPU
		{697A4829-4C72-4E44-A441-88E47A6BE2D1}.Release|Any CPU.Build.0 = Release|Any CPU
	EndGlobalSection
	GlobalSection(SolutionProperties) = preSolution
		HideSolutionNode = FALSE
	EndGlobalSection
	GlobalSection(NestedProjects) = preSolution
		{06800635-2022-4CB4-963B-28E3669CDBE7} = {86D60A47-A420-44D9-82B6-6AC2AE04014D}
		{7EC5490D-0B52-499C-AB1C-565CF151F34B} = {86D60A47-A420-44D9-82B6-6AC2AE04014D}
	EndGlobalSection
	GlobalSection(ExtensibilityGlobals) = postSolution
		SolutionGuid = {67DEA4A8-4703-4253-BFE5-5C1EC1C30999}
	EndGlobalSection
EndGlobal
